
Microsoft Visual Studio Solution File, Format Version 12.00
# Visual Studio Version 17
VisualStudioVersion = 17.9.34723.18
MinimumVisualStudioVersion = 10.0.40219.1
Project("{FAE04EC0-301F-11D3-BF4B-00C04F79EFBC}") = "CuentasxCobrar", "CuentasxCobrar\CuentasxCobrar.csproj", "{99FBD821-B8D9-46FE-B692-778709BF4CD3}"
EndProject
Global
	GlobalSection(SolutionConfigurationPlatforms) = preSolution
		Debug|Any CPU = Debug|Any CPU
		Release|Any CPU = Release|Any CPU
	EndGlobalSection
	GlobalSection(ProjectConfigurationPlatforms) = postSolution
		{99FBD821-B8D9-46FE-B692-778709BF4CD3}.Debug|Any CPU.ActiveCfg = Debug|Any CPU
		{99FBD821-B8D9-46FE-B692-778709BF4CD3}.Debug|Any CPU.Build.0 = Debug|Any CPU
		{99FBD821-B8D9-46FE-B692-778709BF4CD3}.Release|Any CPU.ActiveCfg = Release|Any CPU
		{99FBD821-B8D9-46FE-B692-778709BF4CD3}.Release|Any CPU.Build.0 = Release|Any CPU
	EndGlobalSection
	GlobalSection(SolutionProperties) = preSolution
		HideSolutionNode = FALSE
	EndGlobalSection
	GlobalSection(ExtensibilityGlobals) = postSolution
		SolutionGuid = {CD843AB8-95BA-46FF-8C96-668942F518C7}
	EndGlobalSection
EndGlobal
