
Microsoft Visual Studio Solution File, Format Version 12.00
# Visual Studio Version 17
VisualStudioVersion = 17.7.34024.191
MinimumVisualStudioVersion = 10.0.40219.1
Project("{FAE04EC0-301F-11D3-BF4B-00C04F79EFBC}") = "ApiMantenimientos", "ApiMantenimientos\ApiMantenimientos.csproj", "{B72B4670-8E58-47BE-B1E9-2058BBD74634}"
EndProject
Global
	GlobalSection(SolutionConfigurationPlatforms) = preSolution
		Debug|Any CPU = Debug|Any CPU
		Release|Any CPU = Release|Any CPU
	EndGlobalSection
	GlobalSection(ProjectConfigurationPlatforms) = postSolution
		{B72B4670-8E58-47BE-B1E9-2058BBD74634}.Debug|Any CPU.ActiveCfg = Debug|Any CPU
		{B72B4670-8E58-47BE-B1E9-2058BBD74634}.Debug|Any CPU.Build.0 = Debug|Any CPU
		{B72B4670-8E58-47BE-B1E9-2058BBD74634}.Release|Any CPU.ActiveCfg = Release|Any CPU
		{B72B4670-8E58-47BE-B1E9-2058BBD74634}.Release|Any CPU.Build.0 = Release|Any CPU
	EndGlobalSection
	GlobalSection(SolutionProperties) = preSolution
		HideSolutionNode = FALSE
	EndGlobalSection
	GlobalSection(ExtensibilityGlobals) = postSolution
		SolutionGuid = {42B662AB-5D26-498F-B4CE-86123D18776C}
	EndGlobalSection
EndGlobal
